
Microsoft Visual Studio Solution File, Format Version 12.00
# Visual Studio Version 17
VisualStudioVersion = 17.14.36518.9
MinimumVisualStudioVersion = 10.0.40219.1
Project("{2150E333-8FDC-42A3-9474-1A3956D46DE8}") = "Task0", "Task0", "{02EA681E-C7D8-13C7-8484-4AC65E1B71E8}"
EndProject
Project("{FAE04EC0-301F-11D3-BF4B-00C04F79EFBC}") = "Tyuiu.TumashenkinYA.Sprint2.Task0.V10", "Tyuiu.TumashenkinYA.Sprint2.Task0.V10\Tyuiu.TumashenkinYA.Sprint2.Task0.V10.csproj", "{88174A75-8A7F-482C-8719-B506CB5B1428}"
EndProject
Project("{FAE04EC0-301F-11D3-BF4B-00C04F79EFBC}") = "Tyuiu.TumashenkinYA.Sprint2.Task0.V10.Lib", "Tyuiu.TumashenkinYA.Sprint2.Task0.V10.Lib\Tyuiu.TumashenkinYA.Sprint2.Task0.V10.Lib.csproj", "{B34B7096-D1B9-4624-8EAB-5FA1A0A8737E}"
EndProject
Project("{FAE04EC0-301F-11D3-BF4B-00C04F79EFBC}") = "Tyuiu.TumashenkinYA.Sprint2.Task0.V10.Test", "Tyuiu.TumashenkinYA.Sprint2.Task0.V10.Test\Tyuiu.TumashenkinYA.Sprint2.Task0.V10.Test.csproj", "{8DA30B79-81C2-4873-9EC4-CA3B4ACD38AC}"
EndProject
Project("{2150E333-8FDC-42A3-9474-1A3956D46DE8}") = "Task1", "Task1", "{1234B842-BD40-4901-A961-EAD187502309}"
EndProject
Project("{FAE04EC0-301F-11D3-BF4B-00C04F79EFBC}") = "Tyuiu.TumashenkinYA.Sprint2.Task1.V11", "Tyuiu.TumashenkinYA.Sprint2.Task1.V11\Tyuiu.TumashenkinYA.Sprint2.Task1.V11.csproj", "{4ED48F4E-D005-4261-9989-C687B468AA5D}"
EndProject
Project("{FAE04EC0-301F-11D3-BF4B-00C04F79EFBC}") = "Tyuiu.TumashenkinYA.Sprint2.Task1.V11.Test", "Tyuiu.TumashenkinYA.Sprint2.Task1.V11.Test\Tyuiu.TumashenkinYA.Sprint2.Task1.V11.Test.csproj", "{29C90BA8-28AC-4B16-9985-E97FC7A72431}"
EndProject
Project("{FAE04EC0-301F-11D3-BF4B-00C04F79EFBC}") = "Tyuiu.TumashenkinYA.Sprint2.Task1.V11.Lib", "Tyuiu.TumashenkinYA.Sprint2.Task1.V11.Lib\Tyuiu.TumashenkinYA.Sprint2.Task1.V11.Lib.csproj", "{C5FDC785-AB65-4BC5-8FD8-4B1DA2BFCC2A}"
EndProject
Project("{2150E333-8FDC-42A3-9474-1A3956D46DE8}") = "Task2", "Task2", "{4352CB4A-62F4-4C16-BD73-78DDCA296BAE}"
EndProject
Project("{FAE04EC0-301F-11D3-BF4B-00C04F79EFBC}") = "Tyuiu.TumashenkinYA.Sprint2.Task2.V10", "Tyuiu.TumashenkinYA.Sprint2.Task2.V10\Tyuiu.TumashenkinYA.Sprint2.Task2.V10.csproj", "{D1F8322B-4BE0-4597-AAC0-98EA44DD0B04}"
EndProject
Project("{FAE04EC0-301F-11D3-BF4B-00C04F79EFBC}") = "Tyuiu.TumashenkinYA.Sprint2.Task2.V10.Lib", "Tyuiu.TumashenkinYA.Sprint2.Task2.V10.Lib\Tyuiu.TumashenkinYA.Sprint2.Task2.V10.Lib.csproj", "{256B6F2A-8B5D-435B-B9AD-1E3B7ADA1987}"
EndProject
Project("{FAE04EC0-301F-11D3-BF4B-00C04F79EFBC}") = "Tyuiu.TumashenkinYA.Sprint2.Task2.V10.Test", "Tyuiu.TumashenkinYA.Sprint2.Task2.V10.Test\Tyuiu.TumashenkinYA.Sprint2.Task2.V10.Test.csproj", "{956D6494-94BD-4536-8477-052752A15BA3}"
EndProject
Project("{2150E333-8FDC-42A3-9474-1A3956D46DE8}") = "Task3", "Task3", "{A90E13EE-3718-4011-B0A6-D61B705D780B}"
EndProject
Project("{FAE04EC0-301F-11D3-BF4B-00C04F79EFBC}") = "Tyuiu.TumashenkinYA.Sprint2.Task3.V15", "Tyuiu.TumashenkinYA.Sprint2.Task3.V15\Tyuiu.TumashenkinYA.Sprint2.Task3.V15.csproj", "{D3416DCE-AA26-4716-B47A-5F4D09C0E3B7}"
EndProject
Project("{FAE04EC0-301F-11D3-BF4B-00C04F79EFBC}") = "Tyuiu.TumashenkinYA.Sprint2.Task3.V15.Lib", "Tyuiu.TumashenkinYA.Sprint2.Task3.V15.Lib\Tyuiu.TumashenkinYA.Sprint2.Task3.V15.Lib.csproj", "{4FCC507B-9E35-40D8-8729-68E914F7E6E9}"
EndProject
Project("{FAE04EC0-301F-11D3-BF4B-00C04F79EFBC}") = "Tyuiu.TumashenkinYA.Sprint2.Task3.V15.Test", "Tyuiu.TumashenkinYA.Sprint2.Task3.V15.Test\Tyuiu.TumashenkinYA.Sprint2.Task3.V15.Test.csproj", "{D644B2E5-618C-4617-A5ED-69F6E6D828B3}"
EndProject
Project("{2150E333-8FDC-42A3-9474-1A3956D46DE8}") = "Task4", "Task4", "{6DC17CA7-FB8D-444A-B167-CB65F7995730}"
EndProject
Project("{FAE04EC0-301F-11D3-BF4B-00C04F79EFBC}") = "Tyuiu.TumashenkinYA.Sprint2.Task4.V25", "Tyuiu.TumashenkinYA.Sprint2.Task4.V25\Tyuiu.TumashenkinYA.Sprint2.Task4.V25.csproj", "{F5DEA86B-B830-4C2F-984A-6D6F0B4AAE64}"
EndProject
Project("{FAE04EC0-301F-11D3-BF4B-00C04F79EFBC}") = "Tyuiu.TumashenkinYA.Sprint2.Task4.V25.Test", "Tyuiu.TumashenkinYA.Sprint2.Task4.V25.Test\Tyuiu.TumashenkinYA.Sprint2.Task4.V25.Test.csproj", "{D6411709-DA97-4463-B861-CFDFEA695C68}"
EndProject
Project("{FAE04EC0-301F-11D3-BF4B-00C04F79EFBC}") = "Tyuiu.TumashenkinYA.Sprint2.Task4.V25.Lib", "Tyuiu.TumashenkinYA.Sprint2.Task4.V25.Lib\Tyuiu.TumashenkinYA.Sprint2.Task4.V25.Lib.csproj", "{074B9EF1-F9EB-4D76-BCF2-DDE7F51D21E7}"
EndProject
Project("{2150E333-8FDC-42A3-9474-1A3956D46DE8}") = "Task5", "Task5", "{AC9B4E2A-5FBF-4E17-B261-E94E47FD3968}"
EndProject
Project("{FAE04EC0-301F-11D3-BF4B-00C04F79EFBC}") = "Tyuiu.TumashenkinYA.Sprint2.Task5.V4", "Tyuiu.TumashenkinYA.Sprint2.Task5.V4\Tyuiu.TumashenkinYA.Sprint2.Task5.V4.csproj", "{F5EE26B9-E736-0D6D-3F9E-1C11F375BB38}"
EndProject
Project("{FAE04EC0-301F-11D3-BF4B-00C04F79EFBC}") = "Tyuiu.TumashenkinYA.Sprint2.Task5.V4.Lib", "Tyuiu.TumashenkinYA.Sprint2.Task5.V4.Lib\Tyuiu.TumashenkinYA.Sprint2.Task5.V4.Lib.csproj", "{3B72D0B6-C0ED-FA36-45F2-7E6048696DB4}"
EndProject
Project("{FAE04EC0-301F-11D3-BF4B-00C04F79EFBC}") = "Tyuiu.TumashenkinYA.Sprint2.Task5.V4.Test", "Tyuiu.TumashenkinYA.Sprint2.Task5.V4.Test\Tyuiu.TumashenkinYA.Sprint2.Task5.V4.Test.csproj", "{FDD2B327-31D3-9C39-E91B-5A99AC07980E}"
EndProject
Project("{2150E333-8FDC-42A3-9474-1A3956D46DE8}") = "Task6", "Task6", "{6475D472-E22A-42C6-A857-53922F608171}"
EndProject
Project("{FAE04EC0-301F-11D3-BF4B-00C04F79EFBC}") = "Tyuiu.TumashenkinYA.Sprint2.Task6.V7", "Tyuiu.TumashenkinYA.Sprint2.Task6.V7\Tyuiu.TumashenkinYA.Sprint2.Task6.V7.csproj", "{964FBAB1-DB31-445E-8636-3C18AA1CD676}"
EndProject
Project("{FAE04EC0-301F-11D3-BF4B-00C04F79EFBC}") = "Tyuiu.TumashenkinYA.Sprint2.Task6.V7.Lib", "Tyuiu.TumashenkinYA.Sprint2.Task6.V7.Lib\Tyuiu.TumashenkinYA.Sprint2.Task6.V7.Lib.csproj", "{CFC2FAAD-0A2E-4C0B-967A-2670C34EB8A9}"
EndProject
Project("{FAE04EC0-301F-11D3-BF4B-00C04F79EFBC}") = "Tyuiu.TumashenkinYA.Sprint2.Task6.V7.Test", "Tyuiu.TumashenkinYA.Sprint2.Task6.V7.Test\Tyuiu.TumashenkinYA.Sprint2.Task6.V7.Test.csproj", "{60E01647-145F-45E4-B31D-2C842B1CAC1F}"
EndProject
Project("{2150E333-8FDC-42A3-9474-1A3956D46DE8}") = "Task7", "Task7", "{92C2A232-0568-46CC-A48E-B106E0708FDA}"
EndProject
Project("{FAE04EC0-301F-11D3-BF4B-00C04F79EFBC}") = "Tyuiu.TumashenkinYA.Sprint2.Task7.V12", "Tyuiu.TumashenkinYA.Sprint2.Task7.V12\Tyuiu.TumashenkinYA.Sprint2.Task7.V12.csproj", "{53F096D1-F53E-1B6E-F4DF-9F720B38DD0E}"
EndProject
Project("{FAE04EC0-301F-11D3-BF4B-00C04F79EFBC}") = "Tyuiu.TumashenkinYA.Sprint2.Task7.V12.Lib", "Tyuiu.TumashenkinYA.Sprint2.Task7.V12.Lib\Tyuiu.TumashenkinYA.Sprint2.Task7.V12.Lib.csproj", "{F6080E5A-56B4-AD04-9670-A7D59521FF5B}"
EndProject
Project("{FAE04EC0-301F-11D3-BF4B-00C04F79EFBC}") = "Tyuiu.TumashenkinYA.Sprint2.Task7.V12.Test", "Tyuiu.TumashenkinYA.Sprint2.Task7.V12.Test\Tyuiu.TumashenkinYA.Sprint2.Task7.V12.Test.csproj", "{BE716478-0584-A909-1594-AF6214309844}"
EndProject
Global
	GlobalSection(SolutionConfigurationPlatforms) = preSolution
		Debug|Any CPU = Debug|Any CPU
		Release|Any CPU = Release|Any CPU
	EndGlobalSection
	GlobalSection(ProjectConfigurationPlatforms) = postSolution
		{88174A75-8A7F-482C-8719-B506CB5B1428}.Debug|Any CPU.ActiveCfg = Debug|Any CPU
		{88174A75-8A7F-482C-8719-B506CB5B1428}.Debug|Any CPU.Build.0 = Debug|Any CPU
		{88174A75-8A7F-482C-8719-B506CB5B1428}.Release|Any CPU.ActiveCfg = Release|Any CPU
		{88174A75-8A7F-482C-8719-B506CB5B1428}.Release|Any CPU.Build.0 = Release|Any CPU
		{B34B7096-D1B9-4624-8EAB-5FA1A0A8737E}.Debug|Any CPU.ActiveCfg = Debug|Any CPU
		{B34B7096-D1B9-4624-8EAB-5FA1A0A8737E}.Debug|Any CPU.Build.0 = Debug|Any CPU
		{B34B7096-D1B9-4624-8EAB-5FA1A0A8737E}.Release|Any CPU.ActiveCfg = Release|Any CPU
		{B34B7096-D1B9-4624-8EAB-5FA1A0A8737E}.Release|Any CPU.Build.0 = Release|Any CPU
		{8DA30B79-81C2-4873-9EC4-CA3B4ACD38AC}.Debug|Any CPU.ActiveCfg = Debug|Any CPU
		{8DA30B79-81C2-4873-9EC4-CA3B4ACD38AC}.Debug|Any CPU.Build.0 = Debug|Any CPU
		{8DA30B79-81C2-4873-9EC4-CA3B4ACD38AC}.Release|Any CPU.ActiveCfg = Release|Any CPU
		{8DA30B79-81C2-4873-9EC4-CA3B4ACD38AC}.Release|Any CPU.Build.0 = Release|Any CPU
		{4ED48F4E-D005-4261-9989-C687B468AA5D}.Debug|Any CPU.ActiveCfg = Debug|Any CPU
		{4ED48F4E-D005-4261-9989-C687B468AA5D}.Debug|Any CPU.Build.0 = Debug|Any CPU
		{4ED48F4E-D005-4261-9989-C687B468AA5D}.Release|Any CPU.ActiveCfg = Release|Any CPU
		{4ED48F4E-D005-4261-9989-C687B468AA5D}.Release|Any CPU.Build.0 = Release|Any CPU
		{29C90BA8-28AC-4B16-9985-E97FC7A72431}.Debug|Any CPU.ActiveCfg = Debug|Any CPU
		{29C90BA8-28AC-4B16-9985-E97FC7A72431}.Debug|Any CPU.Build.0 = Debug|Any CPU
		{29C90BA8-28AC-4B16-9985-E97FC7A72431}.Release|Any CPU.ActiveCfg = Release|Any CPU
		{29C90BA8-28AC-4B16-9985-E97FC7A72431}.Release|Any CPU.Build.0 = Release|Any CPU
		{C5FDC785-AB65-4BC5-8FD8-4B1DA2BFCC2A}.Debug|Any CPU.ActiveCfg = Debug|Any CPU
		{C5FDC785-AB65-4BC5-8FD8-4B1DA2BFCC2A}.Debug|Any CPU.Build.0 = Debug|Any CPU
		{C5FDC785-AB65-4BC5-8FD8-4B1DA2BFCC2A}.Release|Any CPU.ActiveCfg = Release|Any CPU
		{C5FDC785-AB65-4BC5-8FD8-4B1DA2BFCC2A}.Release|Any CPU.Build.0 = Release|Any CPU
		{D1F8322B-4BE0-4597-AAC0-98EA44DD0B04}.Debug|Any CPU.ActiveCfg = Debug|Any CPU
		{D1F8322B-4BE0-4597-AAC0-98EA44DD0B04}.Debug|Any CPU.Build.0 = Debug|Any CPU
		{D1F8322B-4BE0-4597-AAC0-98EA44DD0B04}.Release|Any CPU.ActiveCfg = Release|Any CPU
		{D1F8322B-4BE0-4597-AAC0-98EA44DD0B04}.Release|Any CPU.Build.0 = Release|Any CPU
		{256B6F2A-8B5D-435B-B9AD-1E3B7ADA1987}.Debug|Any CPU.ActiveCfg = Debug|Any CPU
		{256B6F2A-8B5D-435B-B9AD-1E3B7ADA1987}.Debug|Any CPU.Build.0 = Debug|Any CPU
		{256B6F2A-8B5D-435B-B9AD-1E3B7ADA1987}.Release|Any CPU.ActiveCfg = Release|Any CPU
		{256B6F2A-8B5D-435B-B9AD-1E3B7ADA1987}.Release|Any CPU.Build.0 = Release|Any CPU
		{956D6494-94BD-4536-8477-052752A15BA3}.Debug|Any CPU.ActiveCfg = Debug|Any CPU
		{956D6494-94BD-4536-8477-052752A15BA3}.Debug|Any CPU.Build.0 = Debug|Any CPU
		{956D6494-94BD-4536-8477-052752A15BA3}.Release|Any CPU.ActiveCfg = Release|Any CPU
		{956D6494-94BD-4536-8477-052752A15BA3}.Release|Any CPU.Build.0 = Release|Any CPU
		{D3416DCE-AA26-4716-B47A-5F4D09C0E3B7}.Debug|Any CPU.ActiveCfg = Debug|Any CPU
		{D3416DCE-AA26-4716-B47A-5F4D09C0E3B7}.Debug|Any CPU.Build.0 = Debug|Any CPU
		{D3416DCE-AA26-4716-B47A-5F4D09C0E3B7}.Release|Any CPU.ActiveCfg = Release|Any CPU
		{D3416DCE-AA26-4716-B47A-5F4D09C0E3B7}.Release|Any CPU.Build.0 = Release|Any CPU
		{4FCC507B-9E35-40D8-8729-68E914F7E6E9}.Debug|Any CPU.ActiveCfg = Debug|Any CPU
		{4FCC507B-9E35-40D8-8729-68E914F7E6E9}.Debug|Any CPU.Build.0 = Debug|Any CPU
		{4FCC507B-9E35-40D8-8729-68E914F7E6E9}.Release|Any CPU.ActiveCfg = Release|Any CPU
		{4FCC507B-9E35-40D8-8729-68E914F7E6E9}.Release|Any CPU.Build.0 = Release|Any CPU
		{D644B2E5-618C-4617-A5ED-69F6E6D828B3}.Debug|Any CPU.ActiveCfg = Debug|Any CPU
		{D644B2E5-618C-4617-A5ED-69F6E6D828B3}.Debug|Any CPU.Build.0 = Debug|Any CPU
		{D644B2E5-618C-4617-A5ED-69F6E6D828B3}.Release|Any CPU.ActiveCfg = Release|Any CPU
		{D644B2E5-618C-4617-A5ED-69F6E6D828B3}.Release|Any CPU.Build.0 = Release|Any CPU
		{F5DEA86B-B830-4C2F-984A-6D6F0B4AAE64}.Debug|Any CPU.ActiveCfg = Debug|Any CPU
		{F5DEA86B-B830-4C2F-984A-6D6F0B4AAE64}.Debug|Any CPU.Build.0 = Debug|Any CPU
		{F5DEA86B-B830-4C2F-984A-6D6F0B4AAE64}.Release|Any CPU.ActiveCfg = Release|Any CPU
		{F5DEA86B-B830-4C2F-984A-6D6F0B4AAE64}.Release|Any CPU.Build.0 = Release|Any CPU
		{D6411709-DA97-4463-B861-CFDFEA695C68}.Debug|Any CPU.ActiveCfg = Debug|Any CPU
		{D6411709-DA97-4463-B861-CFDFEA695C68}.Debug|Any CPU.Build.0 = Debug|Any CPU
		{D6411709-DA97-4463-B861-CFDFEA695C68}.Release|Any CPU.ActiveCfg = Release|Any CPU
		{D6411709-DA97-4463-B861-CFDFEA695C68}.Release|Any CPU.Build.0 = Release|Any CPU
		{074B9EF1-F9EB-4D76-BCF2-DDE7F51D21E7}.Debug|Any CPU.ActiveCfg = Debug|Any CPU
		{074B9EF1-F9EB-4D76-BCF2-DDE7F51D21E7}.Debug|Any CPU.Build.0 = Debug|Any CPU
		{074B9EF1-F9EB-4D76-BCF2-DDE7F51D21E7}.Release|Any CPU.ActiveCfg = Release|Any CPU
		{074B9EF1-F9EB-4D76-BCF2-DDE7F51D21E7}.Release|Any CPU.Build.0 = Release|Any CPU
		{F5EE26B9-E736-0D6D-3F9E-1C11F375BB38}.Debug|Any CPU.ActiveCfg = Debug|Any CPU
		{F5EE26B9-E736-0D6D-3F9E-1C11F375BB38}.Debug|Any CPU.Build.0 = Debug|Any CPU
		{F5EE26B9-E736-0D6D-3F9E-1C11F375BB38}.Release|Any CPU.ActiveCfg = Release|Any CPU
		{F5EE26B9-E736-0D6D-3F9E-1C11F375BB38}.Release|Any CPU.Build.0 = Release|Any CPU
		{3B72D0B6-C0ED-FA36-45F2-7E6048696DB4}.Debug|Any CPU.ActiveCfg = Debug|Any CPU
		{3B72D0B6-C0ED-FA36-45F2-7E6048696DB4}.Debug|Any CPU.Build.0 = Debug|Any CPU
		{3B72D0B6-C0ED-FA36-45F2-7E6048696DB4}.Release|Any CPU.ActiveCfg = Release|Any CPU
		{3B72D0B6-C0ED-FA36-45F2-7E6048696DB4}.Release|Any CPU.Build.0 = Release|Any CPU
		{FDD2B327-31D3-9C39-E91B-5A99AC07980E}.Debug|Any CPU.ActiveCfg = Debug|Any CPU
		{FDD2B327-31D3-9C39-E91B-5A99AC07980E}.Debug|Any CPU.Build.0 = Debug|Any CPU
		{FDD2B327-31D3-9C39-E91B-5A99AC07980E}.Release|Any CPU.ActiveCfg = Release|Any CPU
		{FDD2B327-31D3-9C39-E91B-5A99AC07980E}.Release|Any CPU.Build.0 = Release|Any CPU
		{964FBAB1-DB31-445E-8636-3C18AA1CD676}.Debug|Any CPU.ActiveCfg = Debug|Any CPU
		{964FBAB1-DB31-445E-8636-3C18AA1CD676}.Debug|Any CPU.Build.0 = Debug|Any CPU
		{964FBAB1-DB31-445E-8636-3C18AA1CD676}.Release|Any CPU.ActiveCfg = Release|Any CPU
		{964FBAB1-DB31-445E-8636-3C18AA1CD676}.Release|Any CPU.Build.0 = Release|Any CPU
		{CFC2FAAD-0A2E-4C0B-967A-2670C34EB8A9}.Debug|Any CPU.ActiveCfg = Debug|Any CPU
		{CFC2FAAD-0A2E-4C0B-967A-2670C34EB8A9}.Debug|Any CPU.Build.0 = Debug|Any CPU
		{CFC2FAAD-0A2E-4C0B-967A-2670C34EB8A9}.Release|Any CPU.ActiveCfg = Release|Any CPU
		{CFC2FAAD-0A2E-4C0B-967A-2670C34EB8A9}.Release|Any CPU.Build.0 = Release|Any CPU
		{60E01647-145F-45E4-B31D-2C842B1CAC1F}.Debug|Any CPU.ActiveCfg = Debug|Any CPU
		{60E01647-145F-45E4-B31D-2C842B1CAC1F}.Debug|Any CPU.Build.0 = Debug|Any CPU
		{60E01647-145F-45E4-B31D-2C842B1CAC1F}.Release|Any CPU.ActiveCfg = Release|Any CPU
		{60E01647-145F-45E4-B31D-2C842B1CAC1F}.Release|Any CPU.Build.0 = Release|Any CPU
		{53F096D1-F53E-1B6E-F4DF-9F720B38DD0E}.Debug|Any CPU.ActiveCfg = Debug|Any CPU
		{53F096D1-F53E-1B6E-F4DF-9F720B38DD0E}.Debug|Any CPU.Build.0 = Debug|Any CPU
		{53F096D1-F53E-1B6E-F4DF-9F720B38DD0E}.Release|Any CPU.ActiveCfg = Release|Any CPU
		{53F096D1-F53E-1B6E-F4DF-9F720B38DD0E}.Release|Any CPU.Build.0 = Release|Any CPU
		{F6080E5A-56B4-AD04-9670-A7D59521FF5B}.Debug|Any CPU.ActiveCfg = Debug|Any CPU
		{F6080E5A-56B4-AD04-9670-A7D59521FF5B}.Debug|Any CPU.Build.0 = Debug|Any CPU
		{F6080E5A-56B4-AD04-9670-A7D59521FF5B}.Release|Any CPU.ActiveCfg = Release|Any CPU
		{F6080E5A-56B4-AD04-9670-A7D59521FF5B}.Release|Any CPU.Build.0 = Release|Any CPU
		{BE716478-0584-A909-1594-AF6214309844}.Debug|Any CPU.ActiveCfg = Debug|Any CPU
		{BE716478-0584-A909-1594-AF6214309844}.Debug|Any CPU.Build.0 = Debug|Any CPU
		{BE716478-0584-A909-1594-AF6214309844}.Release|Any CPU.ActiveCfg = Release|Any CPU
		{BE716478-0584-A909-1594-AF6214309844}.Release|Any CPU.Build.0 = Release|Any CPU
	EndGlobalSection
	GlobalSection(SolutionProperties) = preSolution
		HideSolutionNode = FALSE
	EndGlobalSection
	GlobalSection(NestedProjects) = preSolution
		{88174A75-8A7F-482C-8719-B506CB5B1428} = {02EA681E-C7D8-13C7-8484-4AC65E1B71E8}
		{B34B7096-D1B9-4624-8EAB-5FA1A0A8737E} = {02EA681E-C7D8-13C7-8484-4AC65E1B71E8}
		{8DA30B79-81C2-4873-9EC4-CA3B4ACD38AC} = {02EA681E-C7D8-13C7-8484-4AC65E1B71E8}
		{4ED48F4E-D005-4261-9989-C687B468AA5D} = {1234B842-BD40-4901-A961-EAD187502309}
		{29C90BA8-28AC-4B16-9985-E97FC7A72431} = {1234B842-BD40-4901-A961-EAD187502309}
		{C5FDC785-AB65-4BC5-8FD8-4B1DA2BFCC2A} = {1234B842-BD40-4901-A961-EAD187502309}
		{D1F8322B-4BE0-4597-AAC0-98EA44DD0B04} = {4352CB4A-62F4-4C16-BD73-78DDCA296BAE}
		{256B6F2A-8B5D-435B-B9AD-1E3B7ADA1987} = {4352CB4A-62F4-4C16-BD73-78DDCA296BAE}
		{956D6494-94BD-4536-8477-052752A15BA3} = {4352CB4A-62F4-4C16-BD73-78DDCA296BAE}
		{D3416DCE-AA26-4716-B47A-5F4D09C0E3B7} = {A90E13EE-3718-4011-B0A6-D61B705D780B}
		{4FCC507B-9E35-40D8-8729-68E914F7E6E9} = {A90E13EE-3718-4011-B0A6-D61B705D780B}
		{D644B2E5-618C-4617-A5ED-69F6E6D828B3} = {A90E13EE-3718-4011-B0A6-D61B705D780B}
		{F5DEA86B-B830-4C2F-984A-6D6F0B4AAE64} = {6DC17CA7-FB8D-444A-B167-CB65F7995730}
		{D6411709-DA97-4463-B861-CFDFEA695C68} = {6DC17CA7-FB8D-444A-B167-CB65F7995730}
		{074B9EF1-F9EB-4D76-BCF2-DDE7F51D21E7} = {6DC17CA7-FB8D-444A-B167-CB65F7995730}
		{F5EE26B9-E736-0D6D-3F9E-1C11F375BB38} = {AC9B4E2A-5FBF-4E17-B261-E94E47FD3968}
		{3B72D0B6-C0ED-FA36-45F2-7E6048696DB4} = {AC9B4E2A-5FBF-4E17-B261-E94E47FD3968}
		{FDD2B327-31D3-9C39-E91B-5A99AC07980E} = {AC9B4E2A-5FBF-4E17-B261-E94E47FD3968}
		{964FBAB1-DB31-445E-8636-3C18AA1CD676} = {6475D472-E22A-42C6-A857-53922F608171}
		{CFC2FAAD-0A2E-4C0B-967A-2670C34EB8A9} = {6475D472-E22A-42C6-A857-53922F608171}
		{60E01647-145F-45E4-B31D-2C842B1CAC1F} = {6475D472-E22A-42C6-A857-53922F608171}
		{53F096D1-F53E-1B6E-F4DF-9F720B38DD0E} = {92C2A232-0568-46CC-A48E-B106E0708FDA}
		{F6080E5A-56B4-AD04-9670-A7D59521FF5B} = {92C2A232-0568-46CC-A48E-B106E0708FDA}
		{BE716478-0584-A909-1594-AF6214309844} = {92C2A232-0568-46CC-A48E-B106E0708FDA}
	EndGlobalSection
	GlobalSection(ExtensibilityGlobals) = postSolution
		SolutionGuid = {D245E224-E3E9-4BF4-9BBB-A9254A74BF80}
	EndGlobalSection
EndGlobal
